
Microsoft Visual Studio Solution File, Format Version 12.00
# Visual Studio Version 17
VisualStudioVersion = 17.14.36414.22 d17.14
MinimumVisualStudioVersion = 10.0.40219.1
Project("{FAE04EC0-301F-11D3-BF4B-00C04F79EFBC}") = "Assignment1.3.1", "Assignment1.3.1.csproj", "{D471442F-464B-4D99-A76C-111FF3B520AE}"
EndProject
Global
	GlobalSection(SolutionConfigurationPlatforms) = preSolution
		Debug|Any CPU = Debug|Any CPU
		Release|Any CPU = Release|Any CPU
	EndGlobalSection
	GlobalSection(ProjectConfigurationPlatforms) = postSolution
		{D471442F-464B-4D99-A76C-111FF3B520AE}.Debug|Any CPU.ActiveCfg = Debug|Any CPU
		{D471442F-464B-4D99-A76C-111FF3B520AE}.Debug|Any CPU.Build.0 = Debug|Any CPU
		{D471442F-464B-4D99-A76C-111FF3B520AE}.Release|Any CPU.ActiveCfg = Release|Any CPU
		{D471442F-464B-4D99-A76C-111FF3B520AE}.Release|Any CPU.Build.0 = Release|Any CPU
	EndGlobalSection
	GlobalSection(SolutionProperties) = preSolution
		HideSolutionNode = FALSE
	EndGlobalSection
	GlobalSection(ExtensibilityGlobals) = postSolution
		SolutionGuid = {7BA3610E-2E18-4FC3-B9BB-F7D8C579717E}
	EndGlobalSection
EndGlobal
